{
  "version": 4,
  "terraform_version": "1.0.0",
  "serial": 157,
  "lineage": "744e97f8-5657-9e91-6d29-b2b6aefaa9da",
  "outputs": {
    "APIGateway_base_url": {
      "value": "https://04o9c2plze.execute-api.us-east-1.amazonaws.com/dev",
      "type": "string"
    },
    "lambda_bucket_id": {
      "value": "csx-nonprod-lambda-function-code",
      "type": "string"
    },
    "lambdafunc_function_name": {
      "value": "list-all-buckets",
      "type": "string"
    }
  },
  "resources": [
    {
      "mode": "data",
      "type": "aws_caller_identity",
      "name": "current",
      "provider": "provider[\"registry.terraform.io/hashicorp/aws\"]",
      "instances": [
        {
          "schema_version": 0,
          "attributes": {
            "account_id": "736986175867",
            "arn": "arn:aws:iam::736986175867:user/damien.gallagher",
            "id": "736986175867",
            "user_id": "AIDA2XF6MTF5UY4TK2G2S"
          },
          "sensitive_attributes": []
        }
      ]
    },
    {
      "module": "module.api-gateway",
      "mode": "managed",
      "type": "aws_apigatewayv2_api",
      "name": "lambda",
      "provider": "provider[\"registry.terraform.io/hashicorp/aws\"]",
      "instances": [
        {
          "schema_version": 0,
          "attributes": {
            "api_endpoint": "https://04o9c2plze.execute-api.us-east-1.amazonaws.com",
            "api_key_selection_expression": "$request.header.x-api-key",
            "arn": "arn:aws:apigateway:us-east-1::/apis/04o9c2plze",
            "body": null,
            "cors_configuration": [],
            "credentials_arn": null,
            "description": "",
            "disable_execute_api_endpoint": false,
            "execution_arn": "arn:aws:execute-api:us-east-1:736986175867:04o9c2plze",
            "fail_on_warnings": null,
            "id": "04o9c2plze",
            "name": "Api_Gateway",
            "protocol_type": "HTTP",
            "route_key": null,
            "route_selection_expression": "$request.method $request.path",
            "tags": {},
            "tags_all": {},
            "target": null,
            "version": ""
          },
          "sensitive_attributes": [],
          "private": "bnVsbA=="
        }
      ]
    },
    {
      "module": "module.api-gateway",
      "mode": "managed",
      "type": "aws_apigatewayv2_stage",
      "name": "lambda",
      "provider": "provider[\"registry.terraform.io/hashicorp/aws\"]",
      "instances": [
        {
          "schema_version": 0,
          "attributes": {
            "access_log_settings": [
              {
                "destination_arn": "arn:aws:logs:us-east-1:736986175867:log-group:/aws/api_gw/Api_Gateway",
                "format": "{\"httpMethod\":\"$context.httpMethod\",\"integrationErrorMessage\":\"$context.integrationErrorMessage\",\"protocol\":\"$context.protocol\",\"requestId\":\"$context.requestId\",\"requestTime\":\"$context.requestTime\",\"resourcePath\":\"$context.resourcePath\",\"responseLength\":\"$context.responseLength\",\"routeKey\":\"$context.routeKey\",\"sourceIp\":\"$context.identity.sourceIp\",\"status\":\"$context.status\"}"
              }
            ],
            "api_id": "04o9c2plze",
            "arn": "arn:aws:apigateway:us-east-1::/apis/04o9c2plze/stages/dev",
            "auto_deploy": true,
            "client_certificate_id": "",
            "default_route_settings": [
              {
                "data_trace_enabled": false,
                "detailed_metrics_enabled": false,
                "logging_level": "",
                "throttling_burst_limit": 0,
                "throttling_rate_limit": 0
              }
            ],
            "deployment_id": "roa4fx",
            "description": "",
            "execution_arn": "arn:aws:execute-api:us-east-1:736986175867:04o9c2plze/dev",
            "id": "dev",
            "invoke_url": "https://04o9c2plze.execute-api.us-east-1.amazonaws.com/dev",
            "name": "dev",
            "route_settings": [],
            "stage_variables": {},
            "tags": {},
            "tags_all": {}
          },
          "sensitive_attributes": [],
          "private": "bnVsbA==",
          "dependencies": [
            "module.api-gateway.aws_apigatewayv2_api.lambda",
            "module.api-gateway.aws_cloudwatch_log_group.api_gw"
          ]
        }
      ]
    },
    {
      "module": "module.api-gateway",
      "mode": "managed",
      "type": "aws_cloudwatch_log_group",
      "name": "api_gw",
      "provider": "provider[\"registry.terraform.io/hashicorp/aws\"]",
      "instances": [
        {
          "schema_version": 0,
          "attributes": {
            "arn": "arn:aws:logs:us-east-1:736986175867:log-group:/aws/api_gw/Api_Gateway",
            "id": "/aws/api_gw/Api_Gateway",
            "kms_key_id": "",
            "name": "/aws/api_gw/Api_Gateway",
            "name_prefix": null,
            "retention_in_days": 30,
            "tags": {},
            "tags_all": {}
          },
          "sensitive_attributes": [],
          "private": "bnVsbA==",
          "dependencies": [
            "module.api-gateway.aws_apigatewayv2_api.lambda"
          ]
        }
      ]
    },
    {
      "module": "module.archive_lambda_func_1",
      "mode": "data",
      "type": "archive_file",
      "name": "lambda_function",
      "provider": "provider[\"registry.terraform.io/hashicorp/archive\"]",
      "instances": [
        {
          "schema_version": 0,
          "attributes": {
            "excludes": null,
            "id": "d7bf305e5e4117545f20ee53aba97a894e875eb0",
            "output_base64sha256": "B0jcmFont3b58rTcOIyMxRgfh0WJEPFnsOnsscVQ4ro=",
            "output_file_mode": null,
            "output_md5": "2339caadf0ae8aaff3f1ba5daabca577",
            "output_path": "archive/lambda222.zip",
            "output_sha": "d7bf305e5e4117545f20ee53aba97a894e875eb0",
            "output_size": 331,
            "source": [],
            "source_content": null,
            "source_content_filename": null,
            "source_dir": "archive/../../app",
            "source_file": null,
            "type": "zip"
          },
          "sensitive_attributes": []
        }
      ]
    },
    {
      "module": "module.archive_lambda_func_2",
      "mode": "data",
      "type": "archive_file",
      "name": "lambda_function",
      "provider": "provider[\"registry.terraform.io/hashicorp/archive\"]",
      "instances": [
        {
          "schema_version": 0,
          "attributes": {
            "excludes": null,
            "id": "d7bf305e5e4117545f20ee53aba97a894e875eb0",
            "output_base64sha256": "B0jcmFont3b58rTcOIyMxRgfh0WJEPFnsOnsscVQ4ro=",
            "output_file_mode": null,
            "output_md5": "2339caadf0ae8aaff3f1ba5daabca577",
            "output_path": "archive/lambda333.zip",
            "output_sha": "d7bf305e5e4117545f20ee53aba97a894e875eb0",
            "output_size": 331,
            "source": [],
            "source_content": null,
            "source_content_filename": null,
            "source_dir": "archive/../../app",
            "source_file": null,
            "type": "zip"
          },
          "sensitive_attributes": []
        }
      ]
    },
    {
      "module": "module.lambda_func_1",
      "mode": "managed",
      "type": "aws_apigatewayv2_integration",
      "name": "lambda_function",
      "provider": "provider[\"registry.terraform.io/hashicorp/aws\"]",
      "instances": [
        {
          "schema_version": 0,
          "attributes": {
            "api_id": "04o9c2plze",
            "connection_id": "",
            "connection_type": "INTERNET",
            "content_handling_strategy": "",
            "credentials_arn": "",
            "description": "",
            "id": "hrvb177",
            "integration_method": "POST",
            "integration_response_selection_expression": "",
            "integration_subtype": "",
            "integration_type": "AWS_PROXY",
            "integration_uri": "arn:aws:apigateway:us-east-1:lambda:path/2015-03-31/functions/arn:aws:lambda:us-east-1:736986175867:function:list-all-buckets/invocations",
            "passthrough_behavior": "",
            "payload_format_version": "1.0",
            "request_parameters": {},
            "request_templates": {},
            "response_parameters": [],
            "template_selection_expression": "",
            "timeout_milliseconds": 30000,
            "tls_config": []
          },
          "sensitive_attributes": [],
          "private": "bnVsbA==",
          "dependencies": [
            "module.lambda_func_1.aws_s3_bucket_object.lambda_function",
            "module.storage.aws_s3_bucket.lambda_bucket",
            "module.api-gateway.aws_apigatewayv2_api.lambda",
            "module.archive_lambda_func_1.data.archive_file.lambda_function",
            "module.lambda_func_1.aws_iam_role.lambda_exec",
            "module.lambda_func_1.aws_lambda_function.lambda_function"
          ]
        }
      ]
    },
    {
      "module": "module.lambda_func_1",
      "mode": "managed",
      "type": "aws_apigatewayv2_route",
      "name": "lambda_function",
      "provider": "provider[\"registry.terraform.io/hashicorp/aws\"]",
      "instances": [
        {
          "schema_version": 0,
          "attributes": {
            "api_id": "04o9c2plze",
            "api_key_required": false,
            "authorization_scopes": [],
            "authorization_type": "NONE",
            "authorizer_id": "",
            "id": "czkjdgu",
            "model_selection_expression": "",
            "operation_name": "",
            "request_models": {},
            "request_parameter": [],
            "route_key": "GET /hello",
            "route_response_selection_expression": "",
            "target": "integrations/hrvb177"
          },
          "sensitive_attributes": [],
          "private": "bnVsbA==",
          "dependencies": [
            "module.api-gateway.aws_apigatewayv2_api.lambda",
            "module.archive_lambda_func_1.data.archive_file.lambda_function",
            "module.lambda_func_1.aws_apigatewayv2_integration.lambda_function",
            "module.lambda_func_1.aws_iam_role.lambda_exec",
            "module.lambda_func_1.aws_lambda_function.lambda_function",
            "module.lambda_func_1.aws_s3_bucket_object.lambda_function",
            "module.storage.aws_s3_bucket.lambda_bucket"
          ]
        }
      ]
    },
    {
      "module": "module.lambda_func_1",
      "mode": "managed",
      "type": "aws_cloudwatch_log_group",
      "name": "lambda_function",
      "provider": "provider[\"registry.terraform.io/hashicorp/aws\"]",
      "instances": [
        {
          "schema_version": 0,
          "attributes": {
            "arn": "arn:aws:logs:us-east-1:736986175867:log-group:/aws/lambda/list-all-buckets",
            "id": "/aws/lambda/list-all-buckets",
            "kms_key_id": "",
            "name": "/aws/lambda/list-all-buckets",
            "name_prefix": null,
            "retention_in_days": 30,
            "tags": {},
            "tags_all": {}
          },
          "sensitive_attributes": [],
          "private": "bnVsbA==",
          "dependencies": [
            "module.archive_lambda_func_1.data.archive_file.lambda_function",
            "module.lambda_func_1.aws_iam_role.lambda_exec",
            "module.lambda_func_1.aws_lambda_function.lambda_function",
            "module.lambda_func_1.aws_s3_bucket_object.lambda_function",
            "module.storage.aws_s3_bucket.lambda_bucket"
          ]
        }
      ]
    },
    {
      "module": "module.lambda_func_1",
      "mode": "managed",
      "type": "aws_iam_role",
      "name": "lambda_exec",
      "provider": "provider[\"registry.terraform.io/hashicorp/aws\"]",
      "instances": [
        {
          "schema_version": 0,
          "attributes": {
            "arn": "arn:aws:iam::736986175867:role/list-all-buckets-role",
            "assume_role_policy": "{\"Version\":\"2012-10-17\",\"Statement\":[{\"Sid\":\"\",\"Effect\":\"Allow\",\"Principal\":{\"Service\":\"lambda.amazonaws.com\"},\"Action\":\"sts:AssumeRole\"}]}",
            "create_date": "2021-10-20T19:41:36Z",
            "description": "",
            "force_detach_policies": false,
            "id": "list-all-buckets-role",
            "inline_policy": [
              {
                "name": "list-all-buckets-inline-policy",
                "policy": "{\"Statement\":[{\"Action\":[\"s3:ListAllMyBuckets\"],\"Effect\":\"Allow\",\"Resource\":\"*\"}],\"Version\":\"2012-10-17\"}"
              }
            ],
            "managed_policy_arns": [
              "arn:aws:iam::aws:policy/service-role/AWSLambdaBasicExecutionRole"
            ],
            "max_session_duration": 3600,
            "name": "list-all-buckets-role",
            "name_prefix": "",
            "path": "/",
            "permissions_boundary": null,
            "tags": {},
            "tags_all": {},
            "unique_id": "AROA2XF6MTF5SIJLOGJXL"
          },
          "sensitive_attributes": [],
          "private": "bnVsbA==",
          "dependencies": [
            "module.storage.aws_s3_bucket.lambda_bucket"
          ]
        }
      ]
    },
    {
      "module": "module.lambda_func_1",
      "mode": "managed",
      "type": "aws_iam_role_policy_attachment",
      "name": "lambda_policy",
      "provider": "provider[\"registry.terraform.io/hashicorp/aws\"]",
      "instances": [
        {
          "schema_version": 0,
          "attributes": {
            "id": "list-all-buckets-role-20211020194138950300000001",
            "policy_arn": "arn:aws:iam::aws:policy/service-role/AWSLambdaBasicExecutionRole",
            "role": "list-all-buckets-role"
          },
          "sensitive_attributes": [],
          "private": "bnVsbA==",
          "dependencies": [
            "module.lambda_func_1.aws_iam_role.lambda_exec",
            "module.storage.aws_s3_bucket.lambda_bucket"
          ]
        }
      ]
    },
    {
      "module": "module.lambda_func_1",
      "mode": "managed",
      "type": "aws_lambda_function",
      "name": "lambda_function",
      "provider": "provider[\"registry.terraform.io/hashicorp/aws\"]",
      "instances": [
        {
          "schema_version": 0,
          "attributes": {
            "architectures": [
              "x86_64"
            ],
            "arn": "arn:aws:lambda:us-east-1:736986175867:function:list-all-buckets",
            "code_signing_config_arn": "",
            "dead_letter_config": [],
            "description": "",
            "environment": [],
            "file_system_config": [],
            "filename": null,
            "function_name": "list-all-buckets",
            "handler": "lambda.handler",
            "id": "list-all-buckets",
            "image_config": [],
            "image_uri": "",
            "invoke_arn": "arn:aws:apigateway:us-east-1:lambda:path/2015-03-31/functions/arn:aws:lambda:us-east-1:736986175867:function:list-all-buckets/invocations",
            "kms_key_arn": "",
            "last_modified": "2021-10-20T19:41:51.608+0000",
            "layers": [],
            "memory_size": 128,
            "package_type": "Zip",
            "publish": false,
            "qualified_arn": "arn:aws:lambda:us-east-1:736986175867:function:list-all-buckets:$LATEST",
            "reserved_concurrent_executions": -1,
            "role": "arn:aws:iam::736986175867:role/list-all-buckets-role",
            "runtime": "python3.9",
            "s3_bucket": "csx-nonprod-lambda-function-code",
            "s3_key": "lambda222.zip",
            "s3_object_version": null,
            "signing_job_arn": "",
            "signing_profile_version_arn": "",
            "source_code_hash": "B0jcmFont3b58rTcOIyMxRgfh0WJEPFnsOnsscVQ4ro=",
            "source_code_size": 331,
            "tags": {},
            "tags_all": {},
            "timeout": 3,
            "timeouts": null,
            "tracing_config": [
              {
                "mode": "PassThrough"
              }
            ],
            "version": "$LATEST",
            "vpc_config": []
          },
          "sensitive_attributes": [],
          "private": "eyJlMmJmYjczMC1lY2FhLTExZTYtOGY4OC0zNDM2M2JjN2M0YzAiOnsiY3JlYXRlIjo2MDAwMDAwMDAwMDB9fQ==",
          "dependencies": [
            "module.archive_lambda_func_1.data.archive_file.lambda_function",
            "module.lambda_func_1.aws_iam_role.lambda_exec",
            "module.lambda_func_1.aws_s3_bucket_object.lambda_function",
            "module.storage.aws_s3_bucket.lambda_bucket"
          ]
        }
      ]
    },
    {
      "module": "module.lambda_func_1",
      "mode": "managed",
      "type": "aws_lambda_permission",
      "name": "api_gw",
      "provider": "provider[\"registry.terraform.io/hashicorp/aws\"]",
      "instances": [
        {
          "schema_version": 0,
          "attributes": {
            "action": "lambda:InvokeFunction",
            "event_source_token": null,
            "function_name": "list-all-buckets",
            "id": "AllowExecutionFromAPIGateway",
            "principal": "apigateway.amazonaws.com",
            "qualifier": "",
            "source_account": null,
            "source_arn": "arn:aws:execute-api:us-east-1:736986175867:04o9c2plze/*/*",
            "statement_id": "AllowExecutionFromAPIGateway",
            "statement_id_prefix": null
          },
          "sensitive_attributes": [],
          "private": "bnVsbA==",
          "dependencies": [
            "module.api-gateway.aws_apigatewayv2_api.lambda",
            "module.archive_lambda_func_1.data.archive_file.lambda_function",
            "module.lambda_func_1.aws_iam_role.lambda_exec",
            "module.lambda_func_1.aws_lambda_function.lambda_function",
            "module.lambda_func_1.aws_s3_bucket_object.lambda_function",
            "module.storage.aws_s3_bucket.lambda_bucket"
          ]
        }
      ]
    },
    {
      "module": "module.lambda_func_1",
      "mode": "managed",
      "type": "aws_s3_bucket_object",
      "name": "lambda_function",
      "provider": "provider[\"registry.terraform.io/hashicorp/aws\"]",
      "instances": [
        {
          "schema_version": 0,
          "attributes": {
            "acl": "private",
            "bucket": "csx-nonprod-lambda-function-code",
            "bucket_key_enabled": false,
            "cache_control": "",
            "content": null,
            "content_base64": null,
            "content_disposition": "",
            "content_encoding": "",
            "content_language": "",
            "content_type": "binary/octet-stream",
            "etag": "2339caadf0ae8aaff3f1ba5daabca577",
            "force_destroy": false,
            "id": "lambda222.zip",
            "key": "lambda222.zip",
            "kms_key_id": null,
            "metadata": {},
            "object_lock_legal_hold_status": "",
            "object_lock_mode": "",
            "object_lock_retain_until_date": "",
            "server_side_encryption": "",
            "source": "archive/lambda222.zip",
            "source_hash": null,
            "storage_class": "STANDARD",
            "tags": {},
            "tags_all": {},
            "version_id": "",
            "website_redirect": ""
          },
          "sensitive_attributes": [],
          "private": "bnVsbA==",
          "dependencies": [
            "module.archive_lambda_func_1.data.archive_file.lambda_function",
            "module.storage.aws_s3_bucket.lambda_bucket"
          ]
        }
      ]
    },
    {
      "module": "module.lambda_func_2",
      "mode": "managed",
      "type": "aws_apigatewayv2_integration",
      "name": "lambda_function",
      "provider": "provider[\"registry.terraform.io/hashicorp/aws\"]",
      "instances": [
        {
          "schema_version": 0,
          "attributes": {
            "api_id": "04o9c2plze",
            "connection_id": "",
            "connection_type": "INTERNET",
            "content_handling_strategy": "",
            "credentials_arn": "",
            "description": "",
            "id": "y63pu56",
            "integration_method": "POST",
            "integration_response_selection_expression": "",
            "integration_subtype": "",
            "integration_type": "AWS_PROXY",
            "integration_uri": "arn:aws:apigateway:us-east-1:lambda:path/2015-03-31/functions/arn:aws:lambda:us-east-1:736986175867:function:list-me-buckets/invocations",
            "passthrough_behavior": "",
            "payload_format_version": "1.0",
            "request_parameters": {},
            "request_templates": {},
            "response_parameters": [],
            "template_selection_expression": "",
            "timeout_milliseconds": 30000,
            "tls_config": []
          },
          "sensitive_attributes": [],
          "private": "bnVsbA==",
          "dependencies": [
            "module.lambda_func_2.aws_lambda_function.lambda_function",
            "module.lambda_func_2.aws_s3_bucket_object.lambda_function",
            "module.storage.aws_s3_bucket.lambda_bucket",
            "module.api-gateway.aws_apigatewayv2_api.lambda",
            "module.archive_lambda_func_2.data.archive_file.lambda_function",
            "module.lambda_func_2.aws_iam_role.lambda_exec"
          ]
        }
      ]
    },
    {
      "module": "module.lambda_func_2",
      "mode": "managed",
      "type": "aws_apigatewayv2_route",
      "name": "lambda_function",
      "provider": "provider[\"registry.terraform.io/hashicorp/aws\"]",
      "instances": [
        {
          "schema_version": 0,
          "attributes": {
            "api_id": "04o9c2plze",
            "api_key_required": false,
            "authorization_scopes": [],
            "authorization_type": "NONE",
            "authorizer_id": "",
            "id": "j8sa02b",
            "model_selection_expression": "",
            "operation_name": "",
            "request_models": {},
            "request_parameter": [],
            "route_key": "GET /hello-2",
            "route_response_selection_expression": "",
            "target": "integrations/y63pu56"
          },
          "sensitive_attributes": [],
          "private": "bnVsbA==",
          "dependencies": [
            "module.lambda_func_2.aws_apigatewayv2_integration.lambda_function",
            "module.lambda_func_2.aws_iam_role.lambda_exec",
            "module.lambda_func_2.aws_lambda_function.lambda_function",
            "module.lambda_func_2.aws_s3_bucket_object.lambda_function",
            "module.storage.aws_s3_bucket.lambda_bucket",
            "module.api-gateway.aws_apigatewayv2_api.lambda",
            "module.archive_lambda_func_2.data.archive_file.lambda_function"
          ]
        }
      ]
    },
    {
      "module": "module.lambda_func_2",
      "mode": "managed",
      "type": "aws_cloudwatch_log_group",
      "name": "lambda_function",
      "provider": "provider[\"registry.terraform.io/hashicorp/aws\"]",
      "instances": [
        {
          "schema_version": 0,
          "attributes": {
            "arn": "arn:aws:logs:us-east-1:736986175867:log-group:/aws/lambda/list-me-buckets",
            "id": "/aws/lambda/list-me-buckets",
            "kms_key_id": "",
            "name": "/aws/lambda/list-me-buckets",
            "name_prefix": null,
            "retention_in_days": 30,
            "tags": {},
            "tags_all": {}
          },
          "sensitive_attributes": [],
          "private": "bnVsbA==",
          "dependencies": [
            "module.archive_lambda_func_2.data.archive_file.lambda_function",
            "module.lambda_func_2.aws_iam_role.lambda_exec",
            "module.lambda_func_2.aws_lambda_function.lambda_function",
            "module.lambda_func_2.aws_s3_bucket_object.lambda_function",
            "module.storage.aws_s3_bucket.lambda_bucket"
          ]
        }
      ]
    },
    {
      "module": "module.lambda_func_2",
      "mode": "managed",
      "type": "aws_iam_role",
      "name": "lambda_exec",
      "provider": "provider[\"registry.terraform.io/hashicorp/aws\"]",
      "instances": [
        {
          "schema_version": 0,
          "attributes": {
            "arn": "arn:aws:iam::736986175867:role/list-me-buckets-role",
            "assume_role_policy": "{\"Version\":\"2012-10-17\",\"Statement\":[{\"Sid\":\"\",\"Effect\":\"Allow\",\"Principal\":{\"Service\":\"lambda.amazonaws.com\"},\"Action\":\"sts:AssumeRole\"}]}",
            "create_date": "2021-10-20T19:41:36Z",
            "description": "",
            "force_detach_policies": false,
            "id": "list-me-buckets-role",
            "inline_policy": [
              {
                "name": "list-me-buckets-inline-policy",
                "policy": "{\"Statement\":[{\"Action\":[\"s3:ListAllMyBuckets\"],\"Effect\":\"Allow\",\"Resource\":\"*\"}],\"Version\":\"2012-10-17\"}"
              }
            ],
            "managed_policy_arns": [
              "arn:aws:iam::aws:policy/service-role/AWSLambdaBasicExecutionRole"
            ],
            "max_session_duration": 3600,
            "name": "list-me-buckets-role",
            "name_prefix": "",
            "path": "/",
            "permissions_boundary": null,
            "tags": {},
            "tags_all": {},
            "unique_id": "AROA2XF6MTF5XCLZ42X54"
          },
          "sensitive_attributes": [],
          "private": "bnVsbA==",
          "dependencies": [
            "module.storage.aws_s3_bucket.lambda_bucket"
          ]
        }
      ]
    },
    {
      "module": "module.lambda_func_2",
      "mode": "managed",
      "type": "aws_iam_role_policy_attachment",
      "name": "lambda_policy",
      "provider": "provider[\"registry.terraform.io/hashicorp/aws\"]",
      "instances": [
        {
          "schema_version": 0,
          "attributes": {
            "id": "list-me-buckets-role-20211020194138987700000002",
            "policy_arn": "arn:aws:iam::aws:policy/service-role/AWSLambdaBasicExecutionRole",
            "role": "list-me-buckets-role"
          },
          "sensitive_attributes": [],
          "private": "bnVsbA==",
          "dependencies": [
            "module.lambda_func_2.aws_iam_role.lambda_exec",
            "module.storage.aws_s3_bucket.lambda_bucket"
          ]
        }
      ]
    },
    {
      "module": "module.lambda_func_2",
      "mode": "managed",
      "type": "aws_lambda_function",
      "name": "lambda_function",
      "provider": "provider[\"registry.terraform.io/hashicorp/aws\"]",
      "instances": [
        {
          "schema_version": 0,
          "attributes": {
            "architectures": [
              "x86_64"
            ],
            "arn": "arn:aws:lambda:us-east-1:736986175867:function:list-me-buckets",
            "code_signing_config_arn": "",
            "dead_letter_config": [],
            "description": "",
            "environment": [],
            "file_system_config": [],
            "filename": null,
            "function_name": "list-me-buckets",
            "handler": "lambda.handler",
            "id": "list-me-buckets",
            "image_config": [],
            "image_uri": "",
            "invoke_arn": "arn:aws:apigateway:us-east-1:lambda:path/2015-03-31/functions/arn:aws:lambda:us-east-1:736986175867:function:list-me-buckets/invocations",
            "kms_key_arn": "",
            "last_modified": "2021-10-20T19:41:55.608+0000",
            "layers": [],
            "memory_size": 128,
            "package_type": "Zip",
            "publish": false,
            "qualified_arn": "arn:aws:lambda:us-east-1:736986175867:function:list-me-buckets:$LATEST",
            "reserved_concurrent_executions": -1,
            "role": "arn:aws:iam::736986175867:role/list-me-buckets-role",
            "runtime": "python3.9",
            "s3_bucket": "csx-nonprod-lambda-function-code",
            "s3_key": "lambda333.zip",
            "s3_object_version": null,
            "signing_job_arn": "",
            "signing_profile_version_arn": "",
            "source_code_hash": "B0jcmFont3b58rTcOIyMxRgfh0WJEPFnsOnsscVQ4ro=",
            "source_code_size": 331,
            "tags": {},
            "tags_all": {},
            "timeout": 3,
            "timeouts": null,
            "tracing_config": [
              {
                "mode": "PassThrough"
              }
            ],
            "version": "$LATEST",
            "vpc_config": []
          },
          "sensitive_attributes": [],
          "private": "eyJlMmJmYjczMC1lY2FhLTExZTYtOGY4OC0zNDM2M2JjN2M0YzAiOnsiY3JlYXRlIjo2MDAwMDAwMDAwMDB9fQ==",
          "dependencies": [
            "module.archive_lambda_func_2.data.archive_file.lambda_function",
            "module.lambda_func_2.aws_iam_role.lambda_exec",
            "module.lambda_func_2.aws_s3_bucket_object.lambda_function",
            "module.storage.aws_s3_bucket.lambda_bucket"
          ]
        }
      ]
    },
    {
      "module": "module.lambda_func_2",
      "mode": "managed",
      "type": "aws_lambda_permission",
      "name": "api_gw",
      "provider": "provider[\"registry.terraform.io/hashicorp/aws\"]",
      "instances": [
        {
          "schema_version": 0,
          "attributes": {
            "action": "lambda:InvokeFunction",
            "event_source_token": null,
            "function_name": "list-me-buckets",
            "id": "AllowExecutionFromAPIGateway",
            "principal": "apigateway.amazonaws.com",
            "qualifier": "",
            "source_account": null,
            "source_arn": "arn:aws:execute-api:us-east-1:736986175867:04o9c2plze/*/*",
            "statement_id": "AllowExecutionFromAPIGateway",
            "statement_id_prefix": null
          },
          "sensitive_attributes": [],
          "private": "bnVsbA==",
          "dependencies": [
            "module.lambda_func_2.aws_s3_bucket_object.lambda_function",
            "module.storage.aws_s3_bucket.lambda_bucket",
            "module.api-gateway.aws_apigatewayv2_api.lambda",
            "module.archive_lambda_func_2.data.archive_file.lambda_function",
            "module.lambda_func_2.aws_iam_role.lambda_exec",
            "module.lambda_func_2.aws_lambda_function.lambda_function"
          ]
        }
      ]
    },
    {
      "module": "module.lambda_func_2",
      "mode": "managed",
      "type": "aws_s3_bucket_object",
      "name": "lambda_function",
      "provider": "provider[\"registry.terraform.io/hashicorp/aws\"]",
      "instances": [
        {
          "schema_version": 0,
          "attributes": {
            "acl": "private",
            "bucket": "csx-nonprod-lambda-function-code",
            "bucket_key_enabled": false,
            "cache_control": "",
            "content": null,
            "content_base64": null,
            "content_disposition": "",
            "content_encoding": "",
            "content_language": "",
            "content_type": "binary/octet-stream",
            "etag": "2339caadf0ae8aaff3f1ba5daabca577",
            "force_destroy": false,
            "id": "lambda333.zip",
            "key": "lambda333.zip",
            "kms_key_id": null,
            "metadata": {},
            "object_lock_legal_hold_status": "",
            "object_lock_mode": "",
            "object_lock_retain_until_date": "",
            "server_side_encryption": "",
            "source": "archive/lambda333.zip",
            "source_hash": null,
            "storage_class": "STANDARD",
            "tags": {},
            "tags_all": {},
            "version_id": "",
            "website_redirect": ""
          },
          "sensitive_attributes": [],
          "private": "bnVsbA==",
          "dependencies": [
            "module.archive_lambda_func_2.data.archive_file.lambda_function",
            "module.storage.aws_s3_bucket.lambda_bucket"
          ]
        }
      ]
    },
    {
      "module": "module.storage",
      "mode": "managed",
      "type": "aws_s3_bucket",
      "name": "lambda_bucket",
      "provider": "provider[\"registry.terraform.io/hashicorp/aws\"]",
      "instances": [
        {
          "schema_version": 0,
          "attributes": {
            "acceleration_status": "",
            "acl": "private",
            "arn": "arn:aws:s3:::csx-nonprod-lambda-function-code",
            "bucket": "csx-nonprod-lambda-function-code",
            "bucket_domain_name": "csx-nonprod-lambda-function-code.s3.amazonaws.com",
            "bucket_prefix": null,
            "bucket_regional_domain_name": "csx-nonprod-lambda-function-code.s3.amazonaws.com",
            "cors_rule": [],
            "force_destroy": true,
            "grant": [],
            "hosted_zone_id": "Z3AQBSTGFYJSTF",
            "id": "csx-nonprod-lambda-function-code",
            "lifecycle_rule": [],
            "logging": [],
            "object_lock_configuration": [],
            "policy": null,
            "region": "us-east-1",
            "replication_configuration": [],
            "request_payer": "BucketOwner",
            "server_side_encryption_configuration": [],
            "tags": {},
            "tags_all": {},
            "versioning": [
              {
                "enabled": false,
                "mfa_delete": false
              }
            ],
            "website": [],
            "website_domain": null,
            "website_endpoint": null
          },
          "sensitive_attributes": [],
          "private": "bnVsbA=="
        }
      ]
    }
  ]
}
